
Microsoft Visual Studio Solution File, Format Version 12.00
# Visual Studio 15
VisualStudioVersion = 15.0.28307.168
MinimumVisualStudioVersion = 10.0.40219.1
Project("{FAE04EC0-301F-11D3-BF4B-00C04F79EFBC}") = "RPSLS", "RPSLS\RPSLS.csproj", "{A7188DDA-F761-4DAA-8762-A13D433619AB}"
EndProject
Project("{FAE04EC0-301F-11D3-BF4B-00C04F79EFBC}") = "TestRPSLS", "TestRPSLS\TestRPSLS.csproj", "{3CFC9054-3DBF-4133-B4CC-11EC4F1B51B5}"
EndProject
Global
	GlobalSection(SolutionConfigurationPlatforms) = preSolution
		Debug|Any CPU = Debug|Any CPU
		Release|Any CPU = Release|Any CPU
	EndGlobalSection
	GlobalSection(ProjectConfigurationPlatforms) = postSolution
		{A7188DDA-F761-4DAA-8762-A13D433619AB}.Debug|Any CPU.ActiveCfg = Debug|Any CPU
		{A7188DDA-F761-4DAA-8762-A13D433619AB}.Debug|Any CPU.Build.0 = Debug|Any CPU
		{A7188DDA-F761-4DAA-8762-A13D433619AB}.Release|Any CPU.ActiveCfg = Release|Any CPU
		{A7188DDA-F761-4DAA-8762-A13D433619AB}.Release|Any CPU.Build.0 = Release|Any CPU
		{3CFC9054-3DBF-4133-B4CC-11EC4F1B51B5}.Debug|Any CPU.ActiveCfg = Debug|Any CPU
		{3CFC9054-3DBF-4133-B4CC-11EC4F1B51B5}.Debug|Any CPU.Build.0 = Debug|Any CPU
		{3CFC9054-3DBF-4133-B4CC-11EC4F1B51B5}.Release|Any CPU.ActiveCfg = Release|Any CPU
		{3CFC9054-3DBF-4133-B4CC-11EC4F1B51B5}.Release|Any CPU.Build.0 = Release|Any CPU
	EndGlobalSection
	GlobalSection(SolutionProperties) = preSolution
		HideSolutionNode = FALSE
	EndGlobalSection
	GlobalSection(ExtensibilityGlobals) = postSolution
		SolutionGuid = {62A9EC58-97A3-4A09-BE5B-F2D96479B204}
	EndGlobalSection
EndGlobal
